// !$*UTF8*$!
{
	archiveVersion = 1;
	classes = {
	};
	objectVersion = 46;
	objects = {

/* Begin PBXBuildFile section */
		BE765E8F1D9E8A780049D308 /* AppDelegate.swift in Sources */ = {isa = PBXBuildFile; fileRef = BE765E8E1D9E8A780049D308 /* AppDelegate.swift */; };
		BE765E911D9E8A780049D308 /* ViewController.swift in Sources */ = {isa = PBXBuildFile; fileRef = BE765E901D9E8A780049D308 /* ViewController.swift */; };
		BE765E941D9E8A780049D308 /* Main.storyboard in Resources */ = {isa = PBXBuildFile; fileRef = BE765E921D9E8A780049D308 /* Main.storyboard */; };
		BE765E961D9E8A780049D308 /* Assets.xcassets in Resources */ = {isa = PBXBuildFile; fileRef = BE765E951D9E8A780049D308 /* Assets.xcassets */; };
		BE765E991D9E8A780049D308 /* LaunchScreen.storyboard in Resources */ = {isa = PBXBuildFile; fileRef = BE765E971D9E8A780049D308 /* LaunchScreen.storyboard */; };
/* End PBXBuildFile section */

/* Begin PBXFileReference section */
		BE765E8B1D9E8A780049D308 /* myfavemojis.app */ = {isa = PBXFileReference; explicitFileType = wrapper.application; includeInIndex = 0; path = myfavemojis.app; sourceTree = BUILT_PRODUCTS_DIR; };
		BE765E8E1D9E8A780049D308 /* AppDelegate.swift */ = {isa = PBXFileReference; lastKnownFileType = sourcecode.swift; path = AppDelegate.swift; sourceTree = "<group>"; };
		BE765E901D9E8A780049D308 /* ViewController.swift */ = {isa = PBXFileReference; lastKnownFileType = sourcecode.swift; path = ViewController.swift; sourceTree = "<group>"; };
		BE765E931D9E8A780049D308 /* Base */ = {isa = PBXFileReference; lastKnownFileType = file.storyboard; name = Base; path = Base.lproj/Main.storyboard; sourceTree = "<group>"; };
		BE765E951D9E8A780049D308 /* Assets.xcassets */ = {isa = PBXFileReference; lastKnownFileType = folder.assetcatalog; path = Assets.xcassets; sourceTree = "<group>"; };
		BE765E981D9E8A780049D308 /* Base */ = {isa = PBXFileReference; lastKnownFileType = file.storyboard; name = Base; path = Base.lproj/LaunchScreen.storyboard; sourceTree = "<group>"; };
		BE765E9A1D9E8A780049D308 /* Info.plist */ = {isa = PBXFileReference; lastKnownFileType = text.plist.xml; path = Info.plist; sourceTree = "<group>"; };
/* End PBXFileReference section */

/* Begin PBXFrameworksBuildPhase section */
		BE765E881D9E8A780049D308 /* Frameworks */ = {
			isa = PBXFrameworksBuildPhase;
			buildActionMask = 2147483647;
			files = (
			);
			runOnlyForDeploymentPostprocessing = 0;
		};
/* End PBXFrameworksBuildPhase section */

/* Begin PBXGroup section */
		BE765E821D9E8A780049D308 = {
			isa = PBXGroup;
			children = (
				BE765E8D1D9E8A780049D308 /* myfavemojis */,
				BE765E8C1D9E8A780049D308 /* Products */,
			);
			sourceTree = "<group>";
		};
		BE765E8C1D9E8A780049D308 /* Products */ = {
			isa = PBXGroup;
			children = (
				BE765E8B1D9E8A780049D308 /* myfavemojis.app */,
			);
			name = Products;
			sourceTree = "<group>";
		};
		BE765E8D1D9E8A780049D308 /* myfavemojis */ = {
			isa = PBXGroup;
			children = (
				BE765E8E1D9E8A780049D308 /* AppDelegate.swift */,
				BE765E901D9E8A780049D308 /* ViewController.swift */,
				BE765E921D9E8A780049D308 /* Main.storyboard */,
				BE765E951D9E8A780049D308 /* Assets.xcassets */,
				BE765E971D9E8A780049D308 /* LaunchScreen.storyboard */,
				BE765E9A1D9E8A780049D308 /* Info.plist */,
			);
			path = myfavemojis;
			sourceTree = "<group>";
		};
/* End PBXGroup section */

/* Begin PBXNativeTarget section */
		BE765E8A1D9E8A780049D308 /* myfavemojis */ = {
			isa = PBXNativeTarget;
			buildConfigurationList = BE765E9D1D9E8A790049D308 /* Build configuration list for PBXNativeTarget "myfavemojis" */;
			buildPhases = (
				BE765E871D9E8A780049D308 /* Sources */,
				BE765E881D9E8A780049D308 /* Frameworks */,
				BE765E891D9E8A780049D308 /* Resources */,
			);
			buildRules = (
			);
			dependencies = (
			);
			name = myfavemojis;
			productName = myfavemojis;
			productReference = BE765E8B1D9E8A780049D308 /* myfavemojis.app */;
			productType = "com.apple.product-type.application";
		};
/* End PBXNativeTarget section */

/* Begin PBXProject section */
		BE765E831D9E8A780049D308 /* Project object */ = {
			isa = PBXProject;
			attributes = {
				LastSwiftUpdateCheck = 0800;
				LastUpgradeCheck = 0800;
				ORGANIZATIONNAME = BHSRam4;
				TargetAttributes = {
					BE765E8A1D9E8A780049D308 = {
						CreatedOnToolsVersion = 8.0;
						ProvisioningStyle = Automatic;
					};
				};
			};
			buildConfigurationList = BE765E861D9E8A780049D308 /* Build configuration list for PBXProject "myfavemojis" */;
			compatibilityVersion = "Xcode 3.2";
			developmentRegion = English;
			hasScannedForEncodings = 0;
			knownRegions = (
				en,
				Base,
			);
			mainGroup = BE765E821D9E8A780049D308;
			productRefGroup = BE765E8C1D9E8A780049D308 /* Products */;
			projectDirPath = "";
			projectRoot = "";
			targets = (
				BE765E8A1D9E8A780049D308 /* myfavemojis */,
			);
		};
/* End PBXProject section */

/* Begin PBXResourcesBuildPhase section */
		BE765E891D9E8A780049D308 /* Resources */ = {
			isa = PBXResourcesBuildPhase;
			buildActionMask = 2147483647;
			files = (
				BE765E991D9E8A780049D308 /* LaunchScreen.storyboard in Resources */,
				BE765E961D9E8A780049D308 /* Assets.xcassets in Resources */,
				BE765E941D9E8A780049D308 /* Main.storyboard in Resources */,
			);
			runOnlyForDeploymentPostprocessing = 0;
		};
/* End PBXResourcesBuildPhase section */

/* Begin PBXSourcesBuildPhase section */
		BE765E871D9E8A780049D308 /* Sources */ = {
			isa = PBXSourcesBuildPhase;
			buildActionMask = 2147483647;
			files = (
				BE765E911D9E8A780049D308 /* ViewController.swift in Sources */,
				BE765E8F1D9E8A780049D308 /* AppDelegate.swift in Sources */,
			);
			runOnlyForDeploymentPostprocessing = 0;
		};
/* End PBXSourcesBuildPhase section */

/* Begin PBXVariantGroup section */
		BE765E921D9E8A780049D308 /* Main.storyboard */ = {
			isa = PBXVariantGroup;
			children = (
				BE765E931D9E8A780049D308 /* Base */,
			);
			name = Main.storyboard;
			sourceTree = "<group>";
		};
		BE765E971D9E8A780049D308 /* LaunchScreen.storyboard */ = {
			isa = PBXVariantGroup;
			children = (
				BE765E981D9E8A780049D308 /* Base */,
			);
			name = LaunchScreen.storyboard;
			sourceTree = "<group>";
		};
/* End PBXVariantGroup section */

/* Begin XCBuildConfiguration section */
		BE765E9B1D9E8A780049D308 /* Debug */ = {
			isa = XCBuildConfiguration;
			buildSettings = {
				ALWAYS_SEARCH_USER_PATHS = NO;
				CLANG_ANALYZER_NONNULL = YES;
				CLANG_CXX_LANGUAGE_STANDARD = "gnu++0x";
				CLANG_CXX_LIBRARY = "libc++";
				CLANG_ENABLE_MODULES = YES;
				CLANG_ENABLE_OBJC_ARC = YES;
				CLANG_WARN_BOOL_CONVERSION = YES;
				CLANG_WARN_CONSTANT_CONVERSION = YES;
				CLANG_WARN_DIRECT_OBJC_ISA_USAGE = YES_ERROR;
				CLANG_WARN_DOCUMENTATION_COMMENTS = YES;
				CLANG_WARN_EMPTY_BODY = YES;
				CLANG_WARN_ENUM_CONVERSION = YES;
				CLANG_WARN_INFINITE_RECURSION = YES;
				CLANG_WARN_INT_CONVERSION = YES;
				CLANG_WARN_OBJC_ROOT_CLASS = YES_ERROR;
				CLANG_WARN_SUSPICIOUS_MOVES = YES;
				CLANG_WARN_UNREACHABLE_CODE = YES;
				CLANG_WARN__DUPLICATE_METHOD_MATCH = YES;
				"CODE_SIGN_IDENTITY[sdk=iphoneos*]" = "iPhone Developer";
				COPY_PHASE_STRIP = NO;
				DEBUG_INFORMATION_FORMAT = dwarf;
				ENABLE_STRICT_OBJC_MSGSEND = YES;
				ENABLE_TESTABILITY = YES;
				GCC_C_LANGUAGE_STANDARD = gnu99;
				GCC_DYNAMIC_NO_PIC = NO;
				GCC_NO_COMMON_BLOCKS = YES;
				GCC_OPTIMIZATION_LEVEL = 0;
				GCC_PREPROCESSOR_DEFINITIONS = (
					"DEBUG=1",
					"$(inherited)",
				);
				GCC_WARN_64_TO_32_BIT_CONVERSION = YES;
				GCC_WARN_ABOUT_RETURN_TYPE = YES_ERROR;
				GCC_WARN_UNDECLARED_SELECTOR = YES;
				GCC_WARN_UNINITIALIZED_AUTOS = YES_AGGRESSIVE;
				GCC_WARN_UNUSED_FUNCTION = YES;
				GCC_WARN_UNUSED_VARIABLE = YES;
				IPHONEOS_DEPLOYMENT_TARGET = 10.0;
				MTL_ENABLE_DEBUG_INFO = YES;
				ONLY_ACTIVE_ARCH = YES;
				SDKROOT = iphoneos;
				SWIFT_ACTIVE_COMPILATION_CONDITIONS = DEBUG;
				SWIFT_OPTIMIZATION_LEVEL = "-Onone";
				TARGETED_DEVICE_FAMILY = "1,2";
			};
			name = Debug;
		};
		BE765E9C1D9E8A790049D308 /* Release */ = {
			isa = XCBuildConfiguration;
			buildSettings = {
				ALWAYS_SEARCH_USER_PATHS = NO;
				CLANG_ANALYZER_NONNULL = YES;
				CLANG_CXX_LANGUAGE_STANDARD = "gnu++0x";
				CLANG_CXX_LIBRARY = "libc++";
				CLANG_ENABLE_MODULES = YES;
				CLANG_ENABLE_OBJC_ARC = YES;
				CLANG_WARN_BOOL_CONVERSION = YES;
				CLANG_WARN_CONSTANT_CONVERSION = YES;
				CLANG_WARN_DIRECT_OBJC_ISA_USAGE = YES_ERROR;
				CLANG_WARN_DOCUMENTATION_COMMENTS = YES;
				CLANG_WARN_EMPTY_BODY = YES;
				CLANG_WARN_ENUM_CONVERSION = YES;
				CLANG_WARN_INFINITE_RECURSION = YES;
				CLANG_WARN_INT_CONVERSION = YES;
				CLANG_WARN_OBJC_ROOT_CLASS = YES_ERROR;
				CLANG_WARN_SUSPICIOUS_MOVES = YES;
				CLANG_WARN_UNREACHABLE_CODE = YES;
				CLANG_WARN__DUPLICATE_METHOD_MATCH = YES;
				"CODE_SIGN_IDENTITY[sdk=iphoneos*]" = "iPhone Developer";
				COPY_PHASE_STRIP = NO;
				DEBUG_INFORMATION_FORMAT = "dwarf-with-dsym";
				ENABLE_NS_ASSERTIONS = NO;
				ENABLE_STRICT_OBJC_MSGSEND = YES;
				GCC_C_LANGUAGE_STANDARD = gnu99;
				GCC_NO_COMMON_BLOCKS = YES;
				GCC_WARN_64_TO_32_BIT_CONVERSION = YES;
				GCC_WARN_ABOUT_RETURN_TYPE = YES_ERROR;
				GCC_WARN_UNDECLARED_SELECTOR = YES;
				GCC_WARN_UNINITIALIZED_AUTOS = YES_AGGRESSIVE;
				GCC_WARN_UNUSED_FUNCTION = YES;
				GCC_WARN_UNUSED_VARIABLE = YES;
				IPHONEOS_DEPLOYMENT_TARGET = 10.0;
				MTL_ENABLE_DEBUG_INFO = NO;
				SDKROOT = iphoneos;
				SWIFT_OPTIMIZATION_LEVEL = "-Owholemodule";
				TARGETED_DEVICE_FAMILY = "1,2";
				VALIDATE_PRODUCT = YES;
			};
			name = Release;
		};
		BE765E9E1D9E8A790049D308 /* Debug */ = {
			isa = XCBuildConfiguration;
			buildSettings = {
				ASSETCATALOG_COMPILER_APPICON_NAME = AppIcon;
				INFOPLIST_FILE = myfavemojis/Info.plist;
				LD_RUNPATH_SEARCH_PATHS = "$(inherited) @executable_path/Frameworks";
				PRODUCT_BUNDLE_IDENTIFIER = org.BadinHS.myfavemojis;
				PRODUCT_NAME = "$(TARGET_NAME)";
				SWIFT_VERSION = 3.0;
			};
			name = Debug;
		};
		BE765E9F1D9E8A790049D308 /* Release */ = {
			isa = XCBuildConfiguration;
			buildSettings = {
				ASSETCATALOG_COMPILER_APPICON_NAME = AppIcon;
				INFOPLIST_FILE = myfavemojis/Info.plist;
				LD_RUNPATH_SEARCH_PATHS = "$(inherited) @executable_path/Frameworks";
				PRODUCT_BUNDLE_IDENTIFIER = org.BadinHS.myfavemojis;
				PRODUCT_NAME = "$(TARGET_NAME)";
				SWIFT_VERSION = 3.0;
			};
			name = Release;
		};
/* End XCBuildConfiguration section */

/* Begin XCConfigurationList section */
		BE765E861D9E8A780049D308 /* Build configuration list for PBXProject "myfavemojis" */ = {
			isa = XCConfigurationList;
			buildConfigurations = (
				BE765E9B1D9E8A780049D308 /* Debug */,
				BE765E9C1D9E8A790049D308 /* Release */,
			);
			defaultConfigurationIsVisible = 0;
			defaultConfigurationName = Release;
		};
		BE765E9D1D9E8A790049D308 /* Build configuration list for PBXNativeTarget "myfavemojis" */ = {
			isa = XCConfigurationList;
			buildConfigurations = (
				BE765E9E1D9E8A790049D308 /* Debug */,
				BE765E9F1D9E8A790049D308 /* Release */,
			);
			defaultConfigurationIsVisible = 0;
		};
/* End XCConfigurationList section */
	};
	rootObject = BE765E831D9E8A780049D308 /* Project object */;
}
